
Microsoft Visual Studio Solution File, Format Version 12.00
# Visual Studio 15
VisualStudioVersion = 15.0.26730.8
MinimumVisualStudioVersion = 10.0.40219.1
Project("{FAE04EC0-301F-11D3-BF4B-00C04F79EFBC}") = "BusRpi2", "BusRpi2\BusRpi2.csproj", "{5CDC7923-4304-44A1-B1EB-748D84A352F7}"
EndProject
Global
	GlobalSection(SolutionConfigurationPlatforms) = preSolution
		Debug|ARM = Debug|ARM
		Debug|x64 = Debug|x64
		Debug|x86 = Debug|x86
		Release|ARM = Release|ARM
		Release|x64 = Release|x64
		Release|x86 = Release|x86
	EndGlobalSection
	GlobalSection(ProjectConfigurationPlatforms) = postSolution
		{5CDC7923-4304-44A1-B1EB-748D84A352F7}.Debug|ARM.ActiveCfg = Debug|ARM
		{5CDC7923-4304-44A1-B1EB-748D84A352F7}.Debug|ARM.Build.0 = Debug|ARM
		{5CDC7923-4304-44A1-B1EB-748D84A352F7}.Debug|ARM.Deploy.0 = Debug|ARM
		{5CDC7923-4304-44A1-B1EB-748D84A352F7}.Debug|x64.ActiveCfg = Debug|x64
		{5CDC7923-4304-44A1-B1EB-748D84A352F7}.Debug|x64.Build.0 = Debug|x64
		{5CDC7923-4304-44A1-B1EB-748D84A352F7}.Debug|x64.Deploy.0 = Debug|x64
		{5CDC7923-4304-44A1-B1EB-748D84A352F7}.Debug|x86.ActiveCfg = Debug|x86
		{5CDC7923-4304-44A1-B1EB-748D84A352F7}.Debug|x86.Build.0 = Debug|x86
		{5CDC7923-4304-44A1-B1EB-748D84A352F7}.Debug|x86.Deploy.0 = Debug|x86
		{5CDC7923-4304-44A1-B1EB-748D84A352F7}.Release|ARM.ActiveCfg = Release|ARM
		{5CDC7923-4304-44A1-B1EB-748D84A352F7}.Release|ARM.Build.0 = Release|ARM
		{5CDC7923-4304-44A1-B1EB-748D84A352F7}.Release|ARM.Deploy.0 = Release|ARM
		{5CDC7923-4304-44A1-B1EB-748D84A352F7}.Release|x64.ActiveCfg = Release|x64
		{5CDC7923-4304-44A1-B1EB-748D84A352F7}.Release|x64.Build.0 = Release|x64
		{5CDC7923-4304-44A1-B1EB-748D84A352F7}.Release|x64.Deploy.0 = Release|x64
		{5CDC7923-4304-44A1-B1EB-748D84A352F7}.Release|x86.ActiveCfg = Release|x86
		{5CDC7923-4304-44A1-B1EB-748D84A352F7}.Release|x86.Build.0 = Release|x86
		{5CDC7923-4304-44A1-B1EB-748D84A352F7}.Release|x86.Deploy.0 = Release|x86
	EndGlobalSection
	GlobalSection(SolutionProperties) = preSolution
		HideSolutionNode = FALSE
	EndGlobalSection
	GlobalSection(ExtensibilityGlobals) = postSolution
		SolutionGuid = {BECE4BDE-DA80-42F0-9279-35641D5A684F}
	EndGlobalSection
EndGlobal
