
Microsoft Visual Studio Solution File, Format Version 12.00
# Visual Studio 15
VisualStudioVersion = 15.0.26730.8
MinimumVisualStudioVersion = 10.0.40219.1
Project("{FAE04EC0-301F-11D3-BF4B-00C04F79EFBC}") = "QRScan", "QRScan\QRScan.csproj", "{8B8830F2-31A7-42A4-927F-74D56407100F}"
EndProject
Global
	GlobalSection(SolutionConfigurationPlatforms) = preSolution
		Debug|Any CPU = Debug|Any CPU
		Release|Any CPU = Release|Any CPU
	EndGlobalSection
	GlobalSection(ProjectConfigurationPlatforms) = postSolution
		{8B8830F2-31A7-42A4-927F-74D56407100F}.Debug|Any CPU.ActiveCfg = Debug|Any CPU
		{8B8830F2-31A7-42A4-927F-74D56407100F}.Debug|Any CPU.Build.0 = Debug|Any CPU
		{8B8830F2-31A7-42A4-927F-74D56407100F}.Debug|Any CPU.Deploy.0 = Debug|Any CPU
		{8B8830F2-31A7-42A4-927F-74D56407100F}.Release|Any CPU.ActiveCfg = Release|Any CPU
		{8B8830F2-31A7-42A4-927F-74D56407100F}.Release|Any CPU.Build.0 = Release|Any CPU
		{8B8830F2-31A7-42A4-927F-74D56407100F}.Release|Any CPU.Deploy.0 = Release|Any CPU
	EndGlobalSection
	GlobalSection(SolutionProperties) = preSolution
		HideSolutionNode = FALSE
	EndGlobalSection
	GlobalSection(ExtensibilityGlobals) = postSolution
		SolutionGuid = {3C3E3EEE-9909-4BDB-802A-714BCDDD36D8}
	EndGlobalSection
EndGlobal
