
Microsoft Visual Studio Solution File, Format Version 12.00
# Visual Studio 15
VisualStudioVersion = 15.0.26730.15
MinimumVisualStudioVersion = 10.0.40219.1
Project("{CC5FD16D-436D-48AD-A40C-5A424C6E3E79}") = "Stormy", "Stormy\Stormy.ccproj", "{BB33849B-96CF-46AA-9958-CDB3C63EBC86}"
EndProject
Project("{FAE04EC0-301F-11D3-BF4B-00C04F79EFBC}") = "WorkerRoleWithSBQueue1", "WorkerRoleWithSBQueue1\WorkerRoleWithSBQueue1.csproj", "{393C034E-C6EF-4181-914E-4F1705A81CC8}"
EndProject
Project("{FAE04EC0-301F-11D3-BF4B-00C04F79EFBC}") = "WorkerRole1", "WorkerRole1\WorkerRole1.csproj", "{0E03D7A8-2564-4CFB-A072-7756105DFEB5}"
EndProject
Global
	GlobalSection(SolutionConfigurationPlatforms) = preSolution
		Debug|Any CPU = Debug|Any CPU
		Release|Any CPU = Release|Any CPU
	EndGlobalSection
	GlobalSection(ProjectConfigurationPlatforms) = postSolution
		{BB33849B-96CF-46AA-9958-CDB3C63EBC86}.Debug|Any CPU.ActiveCfg = Debug|Any CPU
		{BB33849B-96CF-46AA-9958-CDB3C63EBC86}.Debug|Any CPU.Build.0 = Debug|Any CPU
		{BB33849B-96CF-46AA-9958-CDB3C63EBC86}.Release|Any CPU.ActiveCfg = Release|Any CPU
		{BB33849B-96CF-46AA-9958-CDB3C63EBC86}.Release|Any CPU.Build.0 = Release|Any CPU
		{393C034E-C6EF-4181-914E-4F1705A81CC8}.Debug|Any CPU.ActiveCfg = Debug|Any CPU
		{393C034E-C6EF-4181-914E-4F1705A81CC8}.Debug|Any CPU.Build.0 = Debug|Any CPU
		{393C034E-C6EF-4181-914E-4F1705A81CC8}.Release|Any CPU.ActiveCfg = Release|Any CPU
		{393C034E-C6EF-4181-914E-4F1705A81CC8}.Release|Any CPU.Build.0 = Release|Any CPU
		{0E03D7A8-2564-4CFB-A072-7756105DFEB5}.Debug|Any CPU.ActiveCfg = Debug|Any CPU
		{0E03D7A8-2564-4CFB-A072-7756105DFEB5}.Debug|Any CPU.Build.0 = Debug|Any CPU
		{0E03D7A8-2564-4CFB-A072-7756105DFEB5}.Release|Any CPU.ActiveCfg = Release|Any CPU
		{0E03D7A8-2564-4CFB-A072-7756105DFEB5}.Release|Any CPU.Build.0 = Release|Any CPU
	EndGlobalSection
	GlobalSection(SolutionProperties) = preSolution
		HideSolutionNode = FALSE
	EndGlobalSection
	GlobalSection(ExtensibilityGlobals) = postSolution
		SolutionGuid = {5D6A9492-D16B-46FF-8020-E9192A03D855}
	EndGlobalSection
EndGlobal
