
Microsoft Visual Studio Solution File, Format Version 12.00
# Visual Studio 15
VisualStudioVersion = 15.0.26730.8
MinimumVisualStudioVersion = 10.0.40219.1
Project("{FAE04EC0-301F-11D3-BF4B-00C04F79EFBC}") = "AppSocket", "AppSocket\AppSocket.csproj", "{EC9A22EB-06E7-4F2A-BBFB-73FB0DC5760B}"
EndProject
Global
	GlobalSection(SolutionConfigurationPlatforms) = preSolution
		Debug|Any CPU = Debug|Any CPU
		Release|Any CPU = Release|Any CPU
	EndGlobalSection
	GlobalSection(ProjectConfigurationPlatforms) = postSolution
		{EC9A22EB-06E7-4F2A-BBFB-73FB0DC5760B}.Debug|Any CPU.ActiveCfg = Debug|Any CPU
		{EC9A22EB-06E7-4F2A-BBFB-73FB0DC5760B}.Debug|Any CPU.Build.0 = Debug|Any CPU
		{EC9A22EB-06E7-4F2A-BBFB-73FB0DC5760B}.Debug|Any CPU.Deploy.0 = Debug|Any CPU
		{EC9A22EB-06E7-4F2A-BBFB-73FB0DC5760B}.Release|Any CPU.ActiveCfg = Release|Any CPU
		{EC9A22EB-06E7-4F2A-BBFB-73FB0DC5760B}.Release|Any CPU.Build.0 = Release|Any CPU
		{EC9A22EB-06E7-4F2A-BBFB-73FB0DC5760B}.Release|Any CPU.Deploy.0 = Release|Any CPU
	EndGlobalSection
	GlobalSection(SolutionProperties) = preSolution
		HideSolutionNode = FALSE
	EndGlobalSection
	GlobalSection(ExtensibilityGlobals) = postSolution
		SolutionGuid = {9B132A8F-B332-4368-9782-301384FB11D2}
	EndGlobalSection
EndGlobal
