
Microsoft Visual Studio Solution File, Format Version 12.00
# Visual Studio 15
VisualStudioVersion = 15.0.26730.8
MinimumVisualStudioVersion = 10.0.40219.1
Project("{FAE04EC0-301F-11D3-BF4B-00C04F79EFBC}") = "DataVisualization2", "DataVisualization2\DataVisualization2.csproj", "{62EE63F6-6786-4CED-B5EC-A43EB93E6A49}"
EndProject
Global
	GlobalSection(SolutionConfigurationPlatforms) = preSolution
		Debug|Any CPU = Debug|Any CPU
		Release|Any CPU = Release|Any CPU
	EndGlobalSection
	GlobalSection(ProjectConfigurationPlatforms) = postSolution
		{62EE63F6-6786-4CED-B5EC-A43EB93E6A49}.Debug|Any CPU.ActiveCfg = Debug|Any CPU
		{62EE63F6-6786-4CED-B5EC-A43EB93E6A49}.Debug|Any CPU.Build.0 = Debug|Any CPU
		{62EE63F6-6786-4CED-B5EC-A43EB93E6A49}.Debug|Any CPU.Deploy.0 = Debug|Any CPU
		{62EE63F6-6786-4CED-B5EC-A43EB93E6A49}.Release|Any CPU.ActiveCfg = Release|Any CPU
		{62EE63F6-6786-4CED-B5EC-A43EB93E6A49}.Release|Any CPU.Build.0 = Release|Any CPU
		{62EE63F6-6786-4CED-B5EC-A43EB93E6A49}.Release|Any CPU.Deploy.0 = Release|Any CPU
	EndGlobalSection
	GlobalSection(SolutionProperties) = preSolution
		HideSolutionNode = FALSE
	EndGlobalSection
	GlobalSection(ExtensibilityGlobals) = postSolution
		SolutionGuid = {87558A04-B4C2-43CB-85B8-56E799FE6718}
	EndGlobalSection
EndGlobal
