
Microsoft Visual Studio Solution File, Format Version 12.00
# Visual Studio 15
VisualStudioVersion = 15.0.26730.8
MinimumVisualStudioVersion = 10.0.40219.1
Project("{FAE04EC0-301F-11D3-BF4B-00C04F79EFBC}") = "AppCloudCommunication2", "AppCloudCommunication2\AppCloudCommunication2.csproj", "{57E077AA-C6D8-4C66-854C-5A06B8643F01}"
EndProject
Project("{FAE04EC0-301F-11D3-BF4B-00C04F79EFBC}") = "IoTStreamConnection", "..\IoTStreamConnection\IoTStreamConnection\IoTStreamConnection.csproj", "{55C65C50-76C3-4C66-926B-9F03F9433150}"
EndProject
Global
	GlobalSection(SolutionConfigurationPlatforms) = preSolution
		Debug|Any CPU = Debug|Any CPU
		Debug|ARM = Debug|ARM
		Debug|x64 = Debug|x64
		Debug|x86 = Debug|x86
		Release|Any CPU = Release|Any CPU
		Release|ARM = Release|ARM
		Release|x64 = Release|x64
		Release|x86 = Release|x86
	EndGlobalSection
	GlobalSection(ProjectConfigurationPlatforms) = postSolution
		{57E077AA-C6D8-4C66-854C-5A06B8643F01}.Debug|Any CPU.ActiveCfg = Debug|Any CPU
		{57E077AA-C6D8-4C66-854C-5A06B8643F01}.Debug|Any CPU.Build.0 = Debug|Any CPU
		{57E077AA-C6D8-4C66-854C-5A06B8643F01}.Debug|Any CPU.Deploy.0 = Debug|Any CPU
		{57E077AA-C6D8-4C66-854C-5A06B8643F01}.Debug|ARM.ActiveCfg = Debug|Any CPU
		{57E077AA-C6D8-4C66-854C-5A06B8643F01}.Debug|ARM.Build.0 = Debug|Any CPU
		{57E077AA-C6D8-4C66-854C-5A06B8643F01}.Debug|ARM.Deploy.0 = Debug|Any CPU
		{57E077AA-C6D8-4C66-854C-5A06B8643F01}.Debug|x64.ActiveCfg = Debug|Any CPU
		{57E077AA-C6D8-4C66-854C-5A06B8643F01}.Debug|x64.Build.0 = Debug|Any CPU
		{57E077AA-C6D8-4C66-854C-5A06B8643F01}.Debug|x64.Deploy.0 = Debug|Any CPU
		{57E077AA-C6D8-4C66-854C-5A06B8643F01}.Debug|x86.ActiveCfg = Debug|Any CPU
		{57E077AA-C6D8-4C66-854C-5A06B8643F01}.Debug|x86.Build.0 = Debug|Any CPU
		{57E077AA-C6D8-4C66-854C-5A06B8643F01}.Debug|x86.Deploy.0 = Debug|Any CPU
		{57E077AA-C6D8-4C66-854C-5A06B8643F01}.Release|Any CPU.ActiveCfg = Release|Any CPU
		{57E077AA-C6D8-4C66-854C-5A06B8643F01}.Release|Any CPU.Build.0 = Release|Any CPU
		{57E077AA-C6D8-4C66-854C-5A06B8643F01}.Release|Any CPU.Deploy.0 = Release|Any CPU
		{57E077AA-C6D8-4C66-854C-5A06B8643F01}.Release|ARM.ActiveCfg = Release|Any CPU
		{57E077AA-C6D8-4C66-854C-5A06B8643F01}.Release|ARM.Build.0 = Release|Any CPU
		{57E077AA-C6D8-4C66-854C-5A06B8643F01}.Release|ARM.Deploy.0 = Release|Any CPU
		{57E077AA-C6D8-4C66-854C-5A06B8643F01}.Release|x64.ActiveCfg = Release|Any CPU
		{57E077AA-C6D8-4C66-854C-5A06B8643F01}.Release|x64.Build.0 = Release|Any CPU
		{57E077AA-C6D8-4C66-854C-5A06B8643F01}.Release|x64.Deploy.0 = Release|Any CPU
		{57E077AA-C6D8-4C66-854C-5A06B8643F01}.Release|x86.ActiveCfg = Release|Any CPU
		{57E077AA-C6D8-4C66-854C-5A06B8643F01}.Release|x86.Build.0 = Release|Any CPU
		{57E077AA-C6D8-4C66-854C-5A06B8643F01}.Release|x86.Deploy.0 = Release|Any CPU
		{55C65C50-76C3-4C66-926B-9F03F9433150}.Debug|Any CPU.ActiveCfg = Debug|ARM
		{55C65C50-76C3-4C66-926B-9F03F9433150}.Debug|ARM.ActiveCfg = Debug|ARM
		{55C65C50-76C3-4C66-926B-9F03F9433150}.Debug|ARM.Build.0 = Debug|ARM
		{55C65C50-76C3-4C66-926B-9F03F9433150}.Debug|ARM.Deploy.0 = Debug|ARM
		{55C65C50-76C3-4C66-926B-9F03F9433150}.Debug|x64.ActiveCfg = Debug|x64
		{55C65C50-76C3-4C66-926B-9F03F9433150}.Debug|x64.Build.0 = Debug|x64
		{55C65C50-76C3-4C66-926B-9F03F9433150}.Debug|x64.Deploy.0 = Debug|x64
		{55C65C50-76C3-4C66-926B-9F03F9433150}.Debug|x86.ActiveCfg = Debug|x86
		{55C65C50-76C3-4C66-926B-9F03F9433150}.Debug|x86.Build.0 = Debug|x86
		{55C65C50-76C3-4C66-926B-9F03F9433150}.Debug|x86.Deploy.0 = Debug|x86
		{55C65C50-76C3-4C66-926B-9F03F9433150}.Release|Any CPU.ActiveCfg = Release|x86
		{55C65C50-76C3-4C66-926B-9F03F9433150}.Release|ARM.ActiveCfg = Release|ARM
		{55C65C50-76C3-4C66-926B-9F03F9433150}.Release|ARM.Build.0 = Release|ARM
		{55C65C50-76C3-4C66-926B-9F03F9433150}.Release|ARM.Deploy.0 = Release|ARM
		{55C65C50-76C3-4C66-926B-9F03F9433150}.Release|x64.ActiveCfg = Release|x64
		{55C65C50-76C3-4C66-926B-9F03F9433150}.Release|x64.Build.0 = Release|x64
		{55C65C50-76C3-4C66-926B-9F03F9433150}.Release|x64.Deploy.0 = Release|x64
		{55C65C50-76C3-4C66-926B-9F03F9433150}.Release|x86.ActiveCfg = Release|x86
		{55C65C50-76C3-4C66-926B-9F03F9433150}.Release|x86.Build.0 = Release|x86
		{55C65C50-76C3-4C66-926B-9F03F9433150}.Release|x86.Deploy.0 = Release|x86
	EndGlobalSection
	GlobalSection(SolutionProperties) = preSolution
		HideSolutionNode = FALSE
	EndGlobalSection
	GlobalSection(ExtensibilityGlobals) = postSolution
		SolutionGuid = {63104C08-14E5-42E5-B945-291B638E87EC}
	EndGlobalSection
EndGlobal
