
Microsoft Visual Studio Solution File, Format Version 12.00
# Visual Studio 15
VisualStudioVersion = 15.0.26730.15
MinimumVisualStudioVersion = 10.0.40219.1
Project("{888888A0-9F3D-457C-B088-3A5042F75D52}") = "ScaleFinderWeb", "ScaleFinderWeb\ScaleFinderWeb.pyproj", "{5614D96F-1450-4344-8712-9E21CCF0BCEE}"
EndProject
Global
	GlobalSection(SolutionConfigurationPlatforms) = preSolution
		Debug|Any CPU = Debug|Any CPU
		Release|Any CPU = Release|Any CPU
	EndGlobalSection
	GlobalSection(ProjectConfigurationPlatforms) = postSolution
		{5614D96F-1450-4344-8712-9E21CCF0BCEE}.Debug|Any CPU.ActiveCfg = Debug|Any CPU
		{5614D96F-1450-4344-8712-9E21CCF0BCEE}.Debug|Any CPU.Build.0 = Debug|Any CPU
		{5614D96F-1450-4344-8712-9E21CCF0BCEE}.Release|Any CPU.ActiveCfg = Release|Any CPU
		{5614D96F-1450-4344-8712-9E21CCF0BCEE}.Release|Any CPU.Build.0 = Release|Any CPU
	EndGlobalSection
	GlobalSection(SolutionProperties) = preSolution
		HideSolutionNode = FALSE
	EndGlobalSection
	GlobalSection(ExtensibilityGlobals) = postSolution
		SolutionGuid = {EE4146E1-53B4-4366-805C-FA311141B93F}
	EndGlobalSection
EndGlobal
